# THIS IS AN AUTOGENERATED FILE. DO NOT EDIT THIS FILE DIRECTLY.
# yarn lockfile v1


casual@^1.6.2:
  version "1.6.2"
  resolved "https://registry.yarnpkg.com/casual/-/casual-1.6.2.tgz#f56b87113ae99a6bba45e04bdfa068ca443f9e85"
  integrity sha512-NQObL800rg32KZ9bBajHbyDjxLXxxuShChQg7A4tbSeG3n1t7VYGOSkzFSI9gkSgOHp+xilEJ7G0L5l6M30KYA==
  dependencies:
    mersenne-twister "^1.0.1"
    moment "^2.15.2"

mersenne-twister@^1.0.1:
  version "1.1.0"
  resolved "https://registry.yarnpkg.com/mersenne-twister/-/mersenne-twister-1.1.0.tgz#f916618ee43d7179efcf641bec4531eb9670978a"
  integrity sha1-+RZhjuQ9cXnvz2Qb7EUx65Zwl4o=

moment@^2.15.2:
  version "2.24.0"
  resolved "https://registry.yarnpkg.com/moment/-/moment-2.24.0.tgz#0d055d53f5052aa653c9f6eb68bb5d12bf5c2b5b"
  integrity sha512-bV7f+6l2QigeBBZSM/6yTNq4P2fNpSWj/0e7jQcy87A8e7o2nAfP/34/2ky5Vw4B9S446EtIhodAzkFCcR4dQg==
